{
  "version": "5",
  "specifiers": {
    "jsr:@std/bytes@^1.0.6": "1.0.6",
    "jsr:@std/streams@^1.0.17": "1.0.17",
    "npm:pyodide@~0.29.3": "0.29.3"
  },
  "jsr": {
    "@std/bytes@1.0.6": {
      "integrity": "f6ac6adbd8ccd99314045f5703e23af0a68d7f7e58364b47d2c7f408aeb5820a"
    },
    "@std/streams@1.0.17": {
      "integrity": "7859f3d9deed83cf4b41f19223d4a67661b3d3819e9fc117698f493bf5992140",
      "dependencies": [
        "jsr:@std/bytes"
      ]
    }
  },
  "npm": {
    "@types/emscripten@1.41.5": {
      "integrity": "sha512-cMQm7pxu6BxtHyqJ7mQZ2kXWV5SLmugybFdHCBbJ5eHzOo6VhBckEgAT3//rP5FwPHNPeEiq4SmQ5ucBwsOo4Q=="
    },
    "pyodide@0.29.3": {
      "integrity": "sha512-22UBuhOJawj7vKUnS7/F3xK+515LJdjiMAHoCfuS6/PbHiOrSQVnYwDe+2sbVwiOZ3sMMexdXICew6NqOMQGgA==",
      "dependencies": [
        "@types/emscripten",
        "ws"
      ]
    },
    "ws@8.19.0": {
      "integrity": "sha512-blAT2mjOEIi0ZzruJfIhb3nps74PRWTCz1IjglWEEpQl5XS/UNama6u2/rjFkDDouqr4L67ry+1aGIALViWjDg=="
    }
  },
  "workspace": {
    "dependencies": [
      "jsr:@std/streams@^1.0.17",
      "npm:pyodide@~0.29.3"
    ]
  }
}
